
Microsoft Visual Studio Solution File, Format Version 12.00
# Visual Studio Version 16
VisualStudioVersion = 16.0.30204.135
MinimumVisualStudioVersion = 10.0.40219.1
Project("{FAE04EC0-301F-11D3-BF4B-00C04F79EFBC}") = "BlazorApp1", "BlazorApp1\BlazorApp1.csproj", "{D44D6862-E317-4225-9178-3F48802D6919}"
EndProject
Global
	GlobalSection(SolutionConfigurationPlatforms) = preSolution
		Debug|Any CPU = Debug|Any CPU
		Release|Any CPU = Release|Any CPU
	EndGlobalSection
	GlobalSection(ProjectConfigurationPlatforms) = postSolution
		{D44D6862-E317-4225-9178-3F48802D6919}.Debug|Any CPU.ActiveCfg = Debug|Any CPU
		{D44D6862-E317-4225-9178-3F48802D6919}.Debug|Any CPU.Build.0 = Debug|Any CPU
		{D44D6862-E317-4225-9178-3F48802D6919}.Release|Any CPU.ActiveCfg = Release|Any CPU
		{D44D6862-E317-4225-9178-3F48802D6919}.Release|Any CPU.Build.0 = Release|Any CPU
	EndGlobalSection
	GlobalSection(SolutionProperties) = preSolution
		HideSolutionNode = FALSE
	EndGlobalSection
	GlobalSection(ExtensibilityGlobals) = postSolution
		SolutionGuid = {5BBCBB32-7C49-409B-8638-D02FFC663C95}
	EndGlobalSection
EndGlobal
